{
    "version": 3,
    "terraform_version": "0.11.3",
    "serial": 2,
    "lineage": "58c9abb5-9dfa-4bec-899a-959bdfa9d195",
    "modules": [
        {
            "path": [
                "root"
            ],
            "outputs": {
                "ip": {
                    "sensitive": false,
                    "type": "string",
                    "value": "35.224.80.196"
                }
            },
            "resources": {
                "data.google_compute_image.debian_vmx": {
                    "type": "google_compute_image",
                    "depends_on": [],
                    "primary": {
                        "id": "metallb-e2e-testing/debian-vmx",
                        "attributes": {
                            "archive_size_bytes": "0",
                            "creation_timestamp": "2018-02-25T00:12:16.205-08:00",
                            "description": "",
                            "disk_size_gb": "10",
                            "family": "",
                            "id": "metallb-e2e-testing/debian-vmx",
                            "image_encryption_key_sha256": "",
                            "label_fingerprint": "42WmSpB8rSM=",
                            "labels.%": "0",
                            "licenses.#": "2",
                            "licenses.0": "https://www.googleapis.com/compute/v1/projects/vm-options/global/licenses/enable-vmx",
                            "licenses.1": "https://www.googleapis.com/compute/v1/projects/debian-cloud/global/licenses/debian-9-stretch",
                            "name": "debian-vmx",
                            "project": "metallb-e2e-testing",
                            "self_link": "https://www.googleapis.com/compute/v1/projects/metallb-e2e-testing/global/images/debian-vmx",
                            "source_disk": "",
                            "source_disk_encryption_key_sha256": "",
                            "source_disk_id": "",
                            "source_image_id": "4677985420759789440",
                            "status": "READY"
                        },
                        "meta": {},
                        "tainted": false
                    },
                    "deposed": [],
                    "provider": "provider.google"
                },
                "google_compute_instance.virt_host": {
                    "type": "google_compute_instance",
                    "depends_on": [
                        "data.google_compute_image.debian_vmx"
                    ],
                    "primary": {
                        "id": "virt-host",
                        "attributes": {
                            "attached_disk.#": "0",
                            "boot_disk.#": "1",
                            "boot_disk.0.auto_delete": "true",
                            "boot_disk.0.device_name": "persistent-disk-0",
                            "boot_disk.0.disk_encryption_key_raw": "",
                            "boot_disk.0.disk_encryption_key_sha256": "",
                            "boot_disk.0.initialize_params.#": "1",
                            "boot_disk.0.initialize_params.0.image": "https://www.googleapis.com/compute/v1/projects/metallb-e2e-testing/global/images/debian-vmx",
                            "boot_disk.0.initialize_params.0.size": "200",
                            "boot_disk.0.initialize_params.0.type": "pd-ssd",
                            "boot_disk.0.source": "https://www.googleapis.com/compute/v1/projects/metallb-e2e-testing/zones/us-central1-c/disks/virt-host",
                            "can_ip_forward": "false",
                            "cpu_platform": "Intel Haswell",
                            "create_timeout": "4",
                            "guest_accelerator.#": "0",
                            "id": "virt-host",
                            "instance_id": "3457479010852455581",
                            "label_fingerprint": "42WmSpB8rSM=",
                            "machine_type": "n1-standard-4",
                            "metadata.%": "1",
                            "metadata.sshKeys": "root:ssh-rsa AAAAB3NzaC1yc2EAAAADAQABAAABAQDUJ189kkEIz9evF2bP7+xGCyKG35cy6vumo2ipCUSAEUDDqsU2BujTbK3daXLddwskjbDVf+QVD4S94jlLptnpB6cOmJhRvIhrIXA8cor4CtRPTgP1R4VhjrdR8HGsG5Cvqll74bqbXPtn22ikFx+GYyECN5tuNrbaFSdPZ96drh41jDhNtp5XyIEu36MRd2H9Mj/2F1wDNlFeCWE78SiJQW63INZzUUFZfcFs//XyDUG0ZyapWcKQgn9cqOe+GtavtFGqWUDsKo80PC6OlJt7lGHRKdjphxAkWj8eSqMYykgEcrpDaQm3IuOXneHIkL5lmDsJO68J2GEeOm8QBnyF dave@eranin\n",
                            "metadata_fingerprint": "5UXsRfY4bZg=",
                            "metadata_startup_script": "#!/bin/bash\nperl -pi -e 's/PermitRootLogin no/PermitRootLogin prohibit-password/g' /etc/ssh/sshd_config\nsystemctl restart ssh.service\n",
                            "min_cpu_platform": "",
                            "name": "virt-host",
                            "network_interface.#": "1",
                            "network_interface.0.access_config.#": "1",
                            "network_interface.0.access_config.0.assigned_nat_ip": "35.224.80.196",
                            "network_interface.0.access_config.0.nat_ip": "35.224.80.196",
                            "network_interface.0.address": "10.128.0.2",
                            "network_interface.0.alias_ip_range.#": "0",
                            "network_interface.0.name": "nic0",
                            "network_interface.0.network": "https://www.googleapis.com/compute/v1/projects/metallb-e2e-testing/global/networks/default",
                            "network_interface.0.network_ip": "10.128.0.2",
                            "network_interface.0.subnetwork": "https://www.googleapis.com/compute/v1/projects/metallb-e2e-testing/regions/us-central1/subnetworks/default",
                            "network_interface.0.subnetwork_project": "metallb-e2e-testing",
                            "project": "metallb-e2e-testing",
                            "scheduling.#": "1",
                            "scheduling.0.automatic_restart": "true",
                            "scheduling.0.on_host_maintenance": "MIGRATE",
                            "scheduling.0.preemptible": "false",
                            "scratch_disk.#": "0",
                            "self_link": "https://www.googleapis.com/compute/v1/projects/metallb-e2e-testing/zones/us-central1-c/instances/virt-host",
                            "service_account.#": "0",
                            "tags.#": "0",
                            "tags_fingerprint": "42WmSpB8rSM=",
                            "zone": "us-central1-c"
                        },
                        "meta": {
                            "e2bfb730-ecaa-11e6-8f88-34363bc7c4c0": {
                                "create": 360000000000,
                                "delete": 360000000000,
                                "update": 360000000000
                            },
                            "schema_version": "6"
                        },
                        "tainted": true
                    },
                    "deposed": [],
                    "provider": "provider.google"
                }
            },
            "depends_on": []
        }
    ]
}
